// !$*UTF8*$!
{
	archiveVersion = 1;
	classes = {
	};
	objectVersion = 50;
	objects = {

/* Begin PBXBuildFile section */
		A51471C4268F037500335C07 /* AppDelegate.swift in Sources */ = {isa = PBXBuildFile; fileRef = A51471C3268F037500335C07 /* AppDelegate.swift */; };
		A51471C6268F037500335C07 /* SceneDelegate.swift in Sources */ = {isa = PBXBuildFile; fileRef = A51471C5268F037500335C07 /* SceneDelegate.swift */; };
		A51471C8268F037500335C07 /* ViewController.swift in Sources */ = {isa = PBXBuildFile; fileRef = A51471C7268F037500335C07 /* ViewController.swift */; };
		A51471CB268F037500335C07 /* Main.storyboard in Resources */ = {isa = PBXBuildFile; fileRef = A51471C9268F037500335C07 /* Main.storyboard */; };
		A51471CD268F037800335C07 /* Assets.xcassets in Resources */ = {isa = PBXBuildFile; fileRef = A51471CC268F037800335C07 /* Assets.xcassets */; };
		A51471D0268F037800335C07 /* LaunchScreen.storyboard in Resources */ = {isa = PBXBuildFile; fileRef = A51471CE268F037800335C07 /* LaunchScreen.storyboard */; };
		A51471DB268F037800335C07 /* TWICENESTTests.swift in Sources */ = {isa = PBXBuildFile; fileRef = A51471DA268F037800335C07 /* TWICENESTTests.swift */; };
		A51471E6268F037800335C07 /* TWICENESTUITests.swift in Sources */ = {isa = PBXBuildFile; fileRef = A51471E5268F037800335C07 /* TWICENESTUITests.swift */; };
/* End PBXBuildFile section */

/* Begin PBXContainerItemProxy section */
		A51471D7268F037800335C07 /* PBXContainerItemProxy */ = {
			isa = PBXContainerItemProxy;
			containerPortal = A51471B8268F037500335C07 /* Project object */;
			proxyType = 1;
			remoteGlobalIDString = A51471BF268F037500335C07;
			remoteInfo = TWICENEST;
		};
		A51471E2268F037800335C07 /* PBXContainerItemProxy */ = {
			isa = PBXContainerItemProxy;
			containerPortal = A51471B8268F037500335C07 /* Project object */;
			proxyType = 1;
			remoteGlobalIDString = A51471BF268F037500335C07;
			remoteInfo = TWICENEST;
		};
/* End PBXContainerItemProxy section */

/* Begin PBXFileReference section */
		A51471C0268F037500335C07 /* TWICENEST.app */ = {isa = PBXFileReference; explicitFileType = wrapper.application; includeInIndex = 0; path = TWICENEST.app; sourceTree = BUILT_PRODUCTS_DIR; };
		A51471C3268F037500335C07 /* AppDelegate.swift */ = {isa = PBXFileReference; lastKnownFileType = sourcecode.swift; path = AppDelegate.swift; sourceTree = "<group>"; };
		A51471C5268F037500335C07 /* SceneDelegate.swift */ = {isa = PBXFileReference; lastKnownFileType = sourcecode.swift; path = SceneDelegate.swift; sourceTree = "<group>"; };
		A51471C7268F037500335C07 /* ViewController.swift */ = {isa = PBXFileReference; lastKnownFileType = sourcecode.swift; path = ViewController.swift; sourceTree = "<group>"; };
		A51471CA268F037500335C07 /* Base */ = {isa = PBXFileReference; lastKnownFileType = file.storyboard; name = Base; path = Base.lproj/Main.storyboard; sourceTree = "<group>"; };
		A51471CC268F037800335C07 /* Assets.xcassets */ = {isa = PBXFileReference; lastKnownFileType = folder.assetcatalog; path = Assets.xcassets; sourceTree = "<group>"; };
		A51471CF268F037800335C07 /* Base */ = {isa = PBXFileReference; lastKnownFileType = file.storyboard; name = Base; path = Base.lproj/LaunchScreen.storyboard; sourceTree = "<group>"; };
		A51471D1268F037800335C07 /* Info.plist */ = {isa = PBXFileReference; lastKnownFileType = text.plist.xml; path = Info.plist; sourceTree = "<group>"; };
		A51471D6268F037800335C07 /* TWICENESTTests.xctest */ = {isa = PBXFileReference; explicitFileType = wrapper.cfbundle; includeInIndex = 0; path = TWICENESTTests.xctest; sourceTree = BUILT_PRODUCTS_DIR; };
		A51471DA268F037800335C07 /* TWICENESTTests.swift */ = {isa = PBXFileReference; lastKnownFileType = sourcecode.swift; path = TWICENESTTests.swift; sourceTree = "<group>"; };
		A51471DC268F037800335C07 /* Info.plist */ = {isa = PBXFileReference; lastKnownFileType = text.plist.xml; path = Info.plist; sourceTree = "<group>"; };
		A51471E1268F037800335C07 /* TWICENESTUITests.xctest */ = {isa = PBXFileReference; explicitFileType = wrapper.cfbundle; includeInIndex = 0; path = TWICENESTUITests.xctest; sourceTree = BUILT_PRODUCTS_DIR; };
		A51471E5268F037800335C07 /* TWICENESTUITests.swift */ = {isa = PBXFileReference; lastKnownFileType = sourcecode.swift; path = TWICENESTUITests.swift; sourceTree = "<group>"; };
		A51471E7268F037800335C07 /* Info.plist */ = {isa = PBXFileReference; lastKnownFileType = text.plist.xml; path = Info.plist; sourceTree = "<group>"; };
/* End PBXFileReference section */

/* Begin PBXFrameworksBuildPhase section */
		A51471BD268F037500335C07 /* Frameworks */ = {
			isa = PBXFrameworksBuildPhase;
			buildActionMask = 2147483647;
			files = (
			);
			runOnlyForDeploymentPostprocessing = 0;
		};
		A51471D3268F037800335C07 /* Frameworks */ = {
			isa = PBXFrameworksBuildPhase;
			buildActionMask = 2147483647;
			files = (
			);
			runOnlyForDeploymentPostprocessing = 0;
		};
		A51471DE268F037800335C07 /* Frameworks */ = {
			isa = PBXFrameworksBuildPhase;
			buildActionMask = 2147483647;
			files = (
			);
			runOnlyForDeploymentPostprocessing = 0;
		};
/* End PBXFrameworksBuildPhase section */

/* Begin PBXGroup section */
		A51471B7268F037500335C07 = {
			isa = PBXGroup;
			children = (
				A51471C2268F037500335C07 /* TWICENEST */,
				A51471D9268F037800335C07 /* TWICENESTTests */,
				A51471E4268F037800335C07 /* TWICENESTUITests */,
				A51471C1268F037500335C07 /* Products */,
			);
			sourceTree = "<group>";
		};
		A51471C1268F037500335C07 /* Products */ = {
			isa = PBXGroup;
			children = (
				A51471C0268F037500335C07 /* TWICENEST.app */,
				A51471D6268F037800335C07 /* TWICENESTTests.xctest */,
				A51471E1268F037800335C07 /* TWICENESTUITests.xctest */,
			);
			name = Products;
			sourceTree = "<group>";
		};
		A51471C2268F037500335C07 /* TWICENEST */ = {
			isa = PBXGroup;
			children = (
				A51471C3268F037500335C07 /* AppDelegate.swift */,
				A51471C5268F037500335C07 /* SceneDelegate.swift */,
				A51471C7268F037500335C07 /* ViewController.swift */,
				A51471C9268F037500335C07 /* Main.storyboard */,
				A51471CC268F037800335C07 /* Assets.xcassets */,
				A51471CE268F037800335C07 /* LaunchScreen.storyboard */,
				A51471D1268F037800335C07 /* Info.plist */,
			);
			path = TWICENEST;
			sourceTree = "<group>";
		};
		A51471D9268F037800335C07 /* TWICENESTTests */ = {
			isa = PBXGroup;
			children = (
				A51471DA268F037800335C07 /* TWICENESTTests.swift */,
				A51471DC268F037800335C07 /* Info.plist */,
			);
			path = TWICENESTTests;
			sourceTree = "<group>";
		};
		A51471E4268F037800335C07 /* TWICENESTUITests */ = {
			isa = PBXGroup;
			children = (
				A51471E5268F037800335C07 /* TWICENESTUITests.swift */,
				A51471E7268F037800335C07 /* Info.plist */,
			);
			path = TWICENESTUITests;
			sourceTree = "<group>";
		};
/* End PBXGroup section */

/* Begin PBXNativeTarget section */
		A51471BF268F037500335C07 /* TWICENEST */ = {
			isa = PBXNativeTarget;
			buildConfigurationList = A51471EA268F037800335C07 /* Build configuration list for PBXNativeTarget "TWICENEST" */;
			buildPhases = (
				A51471BC268F037500335C07 /* Sources */,
				A51471BD268F037500335C07 /* Frameworks */,
				A51471BE268F037500335C07 /* Resources */,
			);
			buildRules = (
			);
			dependencies = (
			);
			name = TWICENEST;
			productName = TWICENEST;
			productReference = A51471C0268F037500335C07 /* TWICENEST.app */;
			productType = "com.apple.product-type.application";
		};
		A51471D5268F037800335C07 /* TWICENESTTests */ = {
			isa = PBXNativeTarget;
			buildConfigurationList = A51471ED268F037800335C07 /* Build configuration list for PBXNativeTarget "TWICENESTTests" */;
			buildPhases = (
				A51471D2268F037800335C07 /* Sources */,
				A51471D3268F037800335C07 /* Frameworks */,
				A51471D4268F037800335C07 /* Resources */,
			);
			buildRules = (
			);
			dependencies = (
				A51471D8268F037800335C07 /* PBXTargetDependency */,
			);
			name = TWICENESTTests;
			productName = TWICENESTTests;
			productReference = A51471D6268F037800335C07 /* TWICENESTTests.xctest */;
			productType = "com.apple.product-type.bundle.unit-test";
		};
		A51471E0268F037800335C07 /* TWICENESTUITests */ = {
			isa = PBXNativeTarget;
			buildConfigurationList = A51471F0268F037800335C07 /* Build configuration list for PBXNativeTarget "TWICENESTUITests" */;
			buildPhases = (
				A51471DD268F037800335C07 /* Sources */,
				A51471DE268F037800335C07 /* Frameworks */,
				A51471DF268F037800335C07 /* Resources */,
			);
			buildRules = (
			);
			dependencies = (
				A51471E3268F037800335C07 /* PBXTargetDependency */,
			);
			name = TWICENESTUITests;
			productName = TWICENESTUITests;
			productReference = A51471E1268F037800335C07 /* TWICENESTUITests.xctest */;
			productType = "com.apple.product-type.bundle.ui-testing";
		};
/* End PBXNativeTarget section */

/* Begin PBXProject section */
		A51471B8268F037500335C07 /* Project object */ = {
			isa = PBXProject;
			attributes = {
				LastSwiftUpdateCheck = 1250;
				LastUpgradeCheck = 1250;
				TargetAttributes = {
					A51471BF268F037500335C07 = {
						CreatedOnToolsVersion = 12.5.1;
					};
					A51471D5268F037800335C07 = {
						CreatedOnToolsVersion = 12.5.1;
						TestTargetID = A51471BF268F037500335C07;
					};
					A51471E0268F037800335C07 = {
						CreatedOnToolsVersion = 12.5.1;
						TestTargetID = A51471BF268F037500335C07;
					};
				};
			};
			buildConfigurationList = A51471BB268F037500335C07 /* Build configuration list for PBXProject "TWICENEST" */;
			compatibilityVersion = "Xcode 9.3";
			developmentRegion = en;
			hasScannedForEncodings = 0;
			knownRegions = (
				en,
				Base,
			);
			mainGroup = A51471B7268F037500335C07;
			productRefGroup = A51471C1268F037500335C07 /* Products */;
			projectDirPath = "";
			projectRoot = "";
			targets = (
				A51471BF268F037500335C07 /* TWICENEST */,
				A51471D5268F037800335C07 /* TWICENESTTests */,
				A51471E0268F037800335C07 /* TWICENESTUITests */,
			);
		};
/* End PBXProject section */

/* Begin PBXResourcesBuildPhase section */
		A51471BE268F037500335C07 /* Resources */ = {
			isa = PBXResourcesBuildPhase;
			buildActionMask = 2147483647;
			files = (
				A51471D0268F037800335C07 /* LaunchScreen.storyboard in Resources */,
				A51471CD268F037800335C07 /* Assets.xcassets in Resources */,
				A51471CB268F037500335C07 /* Main.storyboard in Resources */,
			);
			runOnlyForDeploymentPostprocessing = 0;
		};
		A51471D4268F037800335C07 /* Resources */ = {
			isa = PBXResourcesBuildPhase;
			buildActionMask = 2147483647;
			files = (
			);
			runOnlyForDeploymentPostprocessing = 0;
		};
		A51471DF268F037800335C07 /* Resources */ = {
			isa = PBXResourcesBuildPhase;
			buildActionMask = 2147483647;
			files = (
			);
			runOnlyForDeploymentPostprocessing = 0;
		};
/* End PBXResourcesBuildPhase section */

/* Begin PBXSourcesBuildPhase section */
		A51471BC268F037500335C07 /* Sources */ = {
			isa = PBXSourcesBuildPhase;
			buildActionMask = 2147483647;
			files = (
				A51471C8268F037500335C07 /* ViewController.swift in Sources */,
				A51471C4268F037500335C07 /* AppDelegate.swift in Sources */,
				A51471C6268F037500335C07 /* SceneDelegate.swift in Sources */,
			);
			runOnlyForDeploymentPostprocessing = 0;
		};
		A51471D2268F037800335C07 /* Sources */ = {
			isa = PBXSourcesBuildPhase;
			buildActionMask = 2147483647;
			files = (
				A51471DB268F037800335C07 /* TWICENESTTests.swift in Sources */,
			);
			runOnlyForDeploymentPostprocessing = 0;
		};
		A51471DD268F037800335C07 /* Sources */ = {
			isa = PBXSourcesBuildPhase;
			buildActionMask = 2147483647;
			files = (
				A51471E6268F037800335C07 /* TWICENESTUITests.swift in Sources */,
			);
			runOnlyForDeploymentPostprocessing = 0;
		};
/* End PBXSourcesBuildPhase section */

/* Begin PBXTargetDependency section */
		A51471D8268F037800335C07 /* PBXTargetDependency */ = {
			isa = PBXTargetDependency;
			target = A51471BF268F037500335C07 /* TWICENEST */;
			targetProxy = A51471D7268F037800335C07 /* PBXContainerItemProxy */;
		};
		A51471E3268F037800335C07 /* PBXTargetDependency */ = {
			isa = PBXTargetDependency;
			target = A51471BF268F037500335C07 /* TWICENEST */;
			targetProxy = A51471E2268F037800335C07 /* PBXContainerItemProxy */;
		};
/* End PBXTargetDependency section */

/* Begin PBXVariantGroup section */
		A51471C9268F037500335C07 /* Main.storyboard */ = {
			isa = PBXVariantGroup;
			children = (
				A51471CA268F037500335C07 /* Base */,
			);
			name = Main.storyboard;
			sourceTree = "<group>";
		};
		A51471CE268F037800335C07 /* LaunchScreen.storyboard */ = {
			isa = PBXVariantGroup;
			children = (
				A51471CF268F037800335C07 /* Base */,
			);
			name = LaunchScreen.storyboard;
			sourceTree = "<group>";
		};
/* End PBXVariantGroup section */

/* Begin XCBuildConfiguration section */
		A51471E8268F037800335C07 /* Debug */ = {
			isa = XCBuildConfiguration;
			buildSettings = {
				ALWAYS_SEARCH_USER_PATHS = NO;
				CLANG_ANALYZER_NONNULL = YES;
				CLANG_ANALYZER_NUMBER_OBJECT_CONVERSION = YES_AGGRESSIVE;
				CLANG_CXX_LANGUAGE_STANDARD = "gnu++14";
				CLANG_CXX_LIBRARY = "libc++";
				CLANG_ENABLE_MODULES = YES;
				CLANG_ENABLE_OBJC_ARC = YES;
				CLANG_ENABLE_OBJC_WEAK = YES;
				CLANG_WARN_BLOCK_CAPTURE_AUTORELEASING = YES;
				CLANG_WARN_BOOL_CONVERSION = YES;
				CLANG_WARN_COMMA = YES;
				CLANG_WARN_CONSTANT_CONVERSION = YES;
				CLANG_WARN_DEPRECATED_OBJC_IMPLEMENTATIONS = YES;
				CLANG_WARN_DIRECT_OBJC_ISA_USAGE = YES_ERROR;
				CLANG_WARN_DOCUMENTATION_COMMENTS = YES;
				CLANG_WARN_EMPTY_BODY = YES;
				CLANG_WARN_ENUM_CONVERSION = YES;
				CLANG_WARN_INFINITE_RECURSION = YES;
				CLANG_WARN_INT_CONVERSION = YES;
				CLANG_WARN_NON_LITERAL_NULL_CONVERSION = YES;
				CLANG_WARN_OBJC_IMPLICIT_RETAIN_SELF = YES;
				CLANG_WARN_OBJC_LITERAL_CONVERSION = YES;
				CLANG_WARN_OBJC_ROOT_CLASS = YES_ERROR;
				CLANG_WARN_QUOTED_INCLUDE_IN_FRAMEWORK_HEADER = YES;
				CLANG_WARN_RANGE_LOOP_ANALYSIS = YES;
				CLANG_WARN_STRICT_PROTOTYPES = YES;
				CLANG_WARN_SUSPICIOUS_MOVE = YES;
				CLANG_WARN_UNGUARDED_AVAILABILITY = YES_AGGRESSIVE;
				CLANG_WARN_UNREACHABLE_CODE = YES;
				CLANG_WARN__DUPLICATE_METHOD_MATCH = YES;
				COPY_PHASE_STRIP = NO;
				DEBUG_INFORMATION_FORMAT = dwarf;
				ENABLE_STRICT_OBJC_MSGSEND = YES;
				ENABLE_TESTABILITY = YES;
				GCC_C_LANGUAGE_STANDARD = gnu11;
				GCC_DYNAMIC_NO_PIC = NO;
				GCC_NO_COMMON_BLOCKS = YES;
				GCC_OPTIMIZATION_LEVEL = 0;
				GCC_PREPROCESSOR_DEFINITIONS = (
					"DEBUG=1",
					"$(inherited)",
				);
				GCC_WARN_64_TO_32_BIT_CONVERSION = YES;
				GCC_WARN_ABOUT_RETURN_TYPE = YES_ERROR;
				GCC_WARN_UNDECLARED_SELECTOR = YES;
				GCC_WARN_UNINITIALIZED_AUTOS = YES_AGGRESSIVE;
				GCC_WARN_UNUSED_FUNCTION = YES;
				GCC_WARN_UNUSED_VARIABLE = YES;
				IPHONEOS_DEPLOYMENT_TARGET = 14.5;
				MTL_ENABLE_DEBUG_INFO = INCLUDE_SOURCE;
				MTL_FAST_MATH = YES;
				ONLY_ACTIVE_ARCH = YES;
				SDKROOT = iphoneos;
				SWIFT_ACTIVE_COMPILATION_CONDITIONS = DEBUG;
				SWIFT_OPTIMIZATION_LEVEL = "-Onone";
			};
			name = Debug;
		};
		A51471E9268F037800335C07 /* Release */ = {
			isa = XCBuildConfiguration;
			buildSettings = {
				ALWAYS_SEARCH_USER_PATHS = NO;
				CLANG_ANALYZER_NONNULL = YES;
				CLANG_ANALYZER_NUMBER_OBJECT_CONVERSION = YES_AGGRESSIVE;
				CLANG_CXX_LANGUAGE_STANDARD = "gnu++14";
				CLANG_CXX_LIBRARY = "libc++";
				CLANG_ENABLE_MODULES = YES;
				CLANG_ENABLE_OBJC_ARC = YES;
				CLANG_ENABLE_OBJC_WEAK = YES;
				CLANG_WARN_BLOCK_CAPTURE_AUTORELEASING = YES;
				CLANG_WARN_BOOL_CONVERSION = YES;
				CLANG_WARN_COMMA = YES;
				CLANG_WARN_CONSTANT_CONVERSION = YES;
				CLANG_WARN_DEPRECATED_OBJC_IMPLEMENTATIONS = YES;
				CLANG_WARN_DIRECT_OBJC_ISA_USAGE = YES_ERROR;
				CLANG_WARN_DOCUMENTATION_COMMENTS = YES;
				CLANG_WARN_EMPTY_BODY = YES;
				CLANG_WARN_ENUM_CONVERSION = YES;
				CLANG_WARN_INFINITE_RECURSION = YES;
				CLANG_WARN_INT_CONVERSION = YES;
				CLANG_WARN_NON_LITERAL_NULL_CONVERSION = YES;
				CLANG_WARN_OBJC_IMPLICIT_RETAIN_SELF = YES;
				CLANG_WARN_OBJC_LITERAL_CONVERSION = YES;
				CLANG_WARN_OBJC_ROOT_CLASS = YES_ERROR;
				CLANG_WARN_QUOTED_INCLUDE_IN_FRAMEWORK_HEADER = YES;
				CLANG_WARN_RANGE_LOOP_ANALYSIS = YES;
				CLANG_WARN_STRICT_PROTOTYPES = YES;
				CLANG_WARN_SUSPICIOUS_MOVE = YES;
				CLANG_WARN_UNGUARDED_AVAILABILITY = YES_AGGRESSIVE;
				CLANG_WARN_UNREACHABLE_CODE = YES;
				CLANG_WARN__DUPLICATE_METHOD_MATCH = YES;
				COPY_PHASE_STRIP = NO;
				DEBUG_INFORMATION_FORMAT = "dwarf-with-dsym";
				ENABLE_NS_ASSERTIONS = NO;
				ENABLE_STRICT_OBJC_MSGSEND = YES;
				GCC_C_LANGUAGE_STANDARD = gnu11;
				GCC_NO_COMMON_BLOCKS = YES;
				GCC_WARN_64_TO_32_BIT_CONVERSION = YES;
				GCC_WARN_ABOUT_RETURN_TYPE = YES_ERROR;
				GCC_WARN_UNDECLARED_SELECTOR = YES;
				GCC_WARN_UNINITIALIZED_AUTOS = YES_AGGRESSIVE;
				GCC_WARN_UNUSED_FUNCTION = YES;
				GCC_WARN_UNUSED_VARIABLE = YES;
				IPHONEOS_DEPLOYMENT_TARGET = 14.5;
				MTL_ENABLE_DEBUG_INFO = NO;
				MTL_FAST_MATH = YES;
				SDKROOT = iphoneos;
				SWIFT_COMPILATION_MODE = wholemodule;
				SWIFT_OPTIMIZATION_LEVEL = "-O";
				VALIDATE_PRODUCT = YES;
			};
			name = Release;
		};
		A51471EB268F037800335C07 /* Debug */ = {
			isa = XCBuildConfiguration;
			buildSettings = {
				ASSETCATALOG_COMPILER_APPICON_NAME = AppIcon;
				ASSETCATALOG_COMPILER_GLOBAL_ACCENT_COLOR_NAME = AccentColor;
				CODE_SIGN_STYLE = Automatic;
				INFOPLIST_FILE = TWICENEST/Info.plist;
				LD_RUNPATH_SEARCH_PATHS = (
					"$(inherited)",
					"@executable_path/Frameworks",
				);
				PRODUCT_BUNDLE_IDENTIFIER = twicewiki.TWICENEST;
				PRODUCT_NAME = "$(TARGET_NAME)";
				SWIFT_VERSION = 5.0;
				TARGETED_DEVICE_FAMILY = "1,2";
			};
			name = Debug;
		};
		A51471EC268F037800335C07 /* Release */ = {
			isa = XCBuildConfiguration;
			buildSettings = {
				ASSETCATALOG_COMPILER_APPICON_NAME = AppIcon;
				ASSETCATALOG_COMPILER_GLOBAL_ACCENT_COLOR_NAME = AccentColor;
				CODE_SIGN_STYLE = Automatic;
				INFOPLIST_FILE = TWICENEST/Info.plist;
				LD_RUNPATH_SEARCH_PATHS = (
					"$(inherited)",
					"@executable_path/Frameworks",
				);
				PRODUCT_BUNDLE_IDENTIFIER = twicewiki.TWICENEST;
				PRODUCT_NAME = "$(TARGET_NAME)";
				SWIFT_VERSION = 5.0;
				TARGETED_DEVICE_FAMILY = "1,2";
			};
			name = Release;
		};
		A51471EE268F037800335C07 /* Debug */ = {
			isa = XCBuildConfiguration;
			buildSettings = {
				ALWAYS_EMBED_SWIFT_STANDARD_LIBRARIES = YES;
				BUNDLE_LOADER = "$(TEST_HOST)";
				CODE_SIGN_STYLE = Automatic;
				INFOPLIST_FILE = TWICENESTTests/Info.plist;
				IPHONEOS_DEPLOYMENT_TARGET = 14.5;
				LD_RUNPATH_SEARCH_PATHS = (
					"$(inherited)",
					"@executable_path/Frameworks",
					"@loader_path/Frameworks",
				);
				PRODUCT_BUNDLE_IDENTIFIER = twicewiki.TWICENESTTests;
				PRODUCT_NAME = "$(TARGET_NAME)";
				SWIFT_VERSION = 5.0;
				TARGETED_DEVICE_FAMILY = "1,2";
				TEST_HOST = "$(BUILT_PRODUCTS_DIR)/TWICENEST.app/TWICENEST";
			};
			name = Debug;
		};
		A51471EF268F037800335C07 /* Release */ = {
			isa = XCBuildConfiguration;
			buildSettings = {
				ALWAYS_EMBED_SWIFT_STANDARD_LIBRARIES = YES;
				BUNDLE_LOADER = "$(TEST_HOST)";
				CODE_SIGN_STYLE = Automatic;
				INFOPLIST_FILE = TWICENESTTests/Info.plist;
				IPHONEOS_DEPLOYMENT_TARGET = 14.5;
				LD_RUNPATH_SEARCH_PATHS = (
					"$(inherited)",
					"@executable_path/Frameworks",
					"@loader_path/Frameworks",
				);
				PRODUCT_BUNDLE_IDENTIFIER = twicewiki.TWICENESTTests;
				PRODUCT_NAME = "$(TARGET_NAME)";
				SWIFT_VERSION = 5.0;
				TARGETED_DEVICE_FAMILY = "1,2";
				TEST_HOST = "$(BUILT_PRODUCTS_DIR)/TWICENEST.app/TWICENEST";
			};
			name = Release;
		};
		A51471F1268F037800335C07 /* Debug */ = {
			isa = XCBuildConfiguration;
			buildSettings = {
				ALWAYS_EMBED_SWIFT_STANDARD_LIBRARIES = YES;
				CODE_SIGN_STYLE = Automatic;
				INFOPLIST_FILE = TWICENESTUITests/Info.plist;
				LD_RUNPATH_SEARCH_PATHS = (
					"$(inherited)",
					"@executable_path/Frameworks",
					"@loader_path/Frameworks",
				);
				PRODUCT_BUNDLE_IDENTIFIER = twicewiki.TWICENESTUITests;
				PRODUCT_NAME = "$(TARGET_NAME)";
				SWIFT_VERSION = 5.0;
				TARGETED_DEVICE_FAMILY = "1,2";
				TEST_TARGET_NAME = TWICENEST;
			};
			name = Debug;
		};
		A51471F2268F037800335C07 /* Release */ = {
			isa = XCBuildConfiguration;
			buildSettings = {
				ALWAYS_EMBED_SWIFT_STANDARD_LIBRARIES = YES;
				CODE_SIGN_STYLE = Automatic;
				INFOPLIST_FILE = TWICENESTUITests/Info.plist;
				LD_RUNPATH_SEARCH_PATHS = (
					"$(inherited)",
					"@executable_path/Frameworks",
					"@loader_path/Frameworks",
				);
				PRODUCT_BUNDLE_IDENTIFIER = twicewiki.TWICENESTUITests;
				PRODUCT_NAME = "$(TARGET_NAME)";
				SWIFT_VERSION = 5.0;
				TARGETED_DEVICE_FAMILY = "1,2";
				TEST_TARGET_NAME = TWICENEST;
			};
			name = Release;
		};
/* End XCBuildConfiguration section */

/* Begin XCConfigurationList section */
		A51471BB268F037500335C07 /* Build configuration list for PBXProject "TWICENEST" */ = {
			isa = XCConfigurationList;
			buildConfigurations = (
				A51471E8268F037800335C07 /* Debug */,
				A51471E9268F037800335C07 /* Release */,
			);
			defaultConfigurationIsVisible = 0;
			defaultConfigurationName = Release;
		};
		A51471EA268F037800335C07 /* Build configuration list for PBXNativeTarget "TWICENEST" */ = {
			isa = XCConfigurationList;
			buildConfigurations = (
				A51471EB268F037800335C07 /* Debug */,
				A51471EC268F037800335C07 /* Release */,
			);
			defaultConfigurationIsVisible = 0;
			defaultConfigurationName = Release;
		};
		A51471ED268F037800335C07 /* Build configuration list for PBXNativeTarget "TWICENESTTests" */ = {
			isa = XCConfigurationList;
			buildConfigurations = (
				A51471EE268F037800335C07 /* Debug */,
				A51471EF268F037800335C07 /* Release */,
			);
			defaultConfigurationIsVisible = 0;
			defaultConfigurationName = Release;
		};
		A51471F0268F037800335C07 /* Build configuration list for PBXNativeTarget "TWICENESTUITests" */ = {
			isa = XCConfigurationList;
			buildConfigurations = (
				A51471F1268F037800335C07 /* Debug */,
				A51471F2268F037800335C07 /* Release */,
			);
			defaultConfigurationIsVisible = 0;
			defaultConfigurationName = Release;
		};
/* End XCConfigurationList section */
	};
	rootObject = A51471B8268F037500335C07 /* Project object */;
}
